# Generated by move; do not edit
# This file should be checked in.

[move]
version = 4

[pinned.mainnet.CetusClmm]
source = { local = "deps/cetus_clmm" }
use_environment = "mainnet"
manifest_digest = "F3D6BD0CBF32E4D95B5BA796662EE9FAD0A93A5B139232A557826921DB023977"
deps = { integer_mate = "IntegerMate", move_stl = "MoveSTL", std = "MoveStdlib", sui = "Sui" }

[pinned.mainnet.IntegerMate]
source = { local = "deps/integer-mate" }
use_environment = "mainnet"
manifest_digest = "E41BBD67BE8940D26C79D78B028477EF5B33BA217A1282C78ACB344CF8A5ECF6"
deps = { std = "MoveStdlib", sui = "Sui" }

[pinned.mainnet.MoveSTL]
source = { local = "deps/move-stl" }
use_environment = "mainnet"
manifest_digest = "E41BBD67BE8940D26C79D78B028477EF5B33BA217A1282C78ACB344CF8A5ECF6"
deps = { std = "MoveStdlib", sui = "Sui" }

[pinned.mainnet.MoveStdlib]
source = { git = "https://github.com/MystenLabs/sui.git", subdir = "crates/sui-framework/packages/move-stdlib", rev = "718ae563a42fb4ba0d055588f81c704dcef58c25" }
use_environment = "mainnet"
manifest_digest = "C4FE4C91DE74CBF223B2E380AE40F592177D21870DC2D7EB6227D2D694E05363"
deps = {}

[pinned.mainnet.Sui]
source = { git = "https://github.com/MystenLabs/sui.git", subdir = "crates/sui-framework/packages/sui-framework", rev = "718ae563a42fb4ba0d055588f81c704dcef58c25" }
use_environment = "mainnet"
manifest_digest = "CD547CB1ACCE0880C835DAED2D8FFCB91D56C833AE5240D3AA5B918398263195"
deps = { MoveStdlib = "MoveStdlib" }

[pinned.mainnet.TurbosCLMM]
source = { local = "deps/turbos_clmm" }
use_environment = "mainnet"
manifest_digest = "E41BBD67BE8940D26C79D78B028477EF5B33BA217A1282C78ACB344CF8A5ECF6"
deps = { std = "MoveStdlib", sui = "Sui" }

[pinned.mainnet.snip_vault]
source = { root = true }
use_environment = "mainnet"
manifest_digest = "6D9752DCFCC9095A7193D816CB7C1071264C4F776DA968FDAF9B8245CF7E5091"
deps = { cetusclmm = "CetusClmm", std = "MoveStdlib", sui = "Sui", turbos_clmm = "TurbosCLMM" }
